
Microsoft Visual Studio Solution File, Format Version 12.00
# Visual Studio Version 16
VisualStudioVersion = 16.0.30225.117
MinimumVisualStudioVersion = 10.0.40219.1
Project("{FAE04EC0-301F-11D3-BF4B-00C04F79EFBC}") = "DLocker", "DLocker\DLocker.csproj", "{7EA88C71-5E07-4606-AC5A-4F1AE95BAAAB}"
EndProject
Global
	GlobalSection(SolutionConfigurationPlatforms) = preSolution
		Debug|Any CPU = Debug|Any CPU
		Release|Any CPU = Release|Any CPU
	EndGlobalSection
	GlobalSection(ProjectConfigurationPlatforms) = postSolution
		{7EA88C71-5E07-4606-AC5A-4F1AE95BAAAB}.Debug|Any CPU.ActiveCfg = Debug|Any CPU
		{7EA88C71-5E07-4606-AC5A-4F1AE95BAAAB}.Debug|Any CPU.Build.0 = Debug|Any CPU
		{7EA88C71-5E07-4606-AC5A-4F1AE95BAAAB}.Release|Any CPU.ActiveCfg = Release|Any CPU
		{7EA88C71-5E07-4606-AC5A-4F1AE95BAAAB}.Release|Any CPU.Build.0 = Release|Any CPU
	EndGlobalSection
	GlobalSection(SolutionProperties) = preSolution
		HideSolutionNode = FALSE
	EndGlobalSection
	GlobalSection(ExtensibilityGlobals) = postSolution
		SolutionGuid = {557ADA24-6945-44CE-8F2F-A1690773FB93}
	EndGlobalSection
EndGlobal
